
Microsoft Visual Studio Solution File, Format Version 12.00
# Visual Studio Version 16
VisualStudioVersion = 16.0.29324.140
MinimumVisualStudioVersion = 10.0.40219.1
Project("{FAE04EC0-301F-11D3-BF4B-00C04F79EFBC}") = "COMP229_301044056_Assign01", "COMP229_301044056_Assign01\COMP229_301044056_Assign01.csproj", "{4674160A-2797-43D6-AA37-AC4C571A4B2E}"
EndProject
Global
	GlobalSection(SolutionConfigurationPlatforms) = preSolution
		Debug|Any CPU = Debug|Any CPU
		Release|Any CPU = Release|Any CPU
	EndGlobalSection
	GlobalSection(ProjectConfigurationPlatforms) = postSolution
		{4674160A-2797-43D6-AA37-AC4C571A4B2E}.Debug|Any CPU.ActiveCfg = Debug|Any CPU
		{4674160A-2797-43D6-AA37-AC4C571A4B2E}.Debug|Any CPU.Build.0 = Debug|Any CPU
		{4674160A-2797-43D6-AA37-AC4C571A4B2E}.Release|Any CPU.ActiveCfg = Release|Any CPU
		{4674160A-2797-43D6-AA37-AC4C571A4B2E}.Release|Any CPU.Build.0 = Release|Any CPU
	EndGlobalSection
	GlobalSection(SolutionProperties) = preSolution
		HideSolutionNode = FALSE
	EndGlobalSection
	GlobalSection(ExtensibilityGlobals) = postSolution
		SolutionGuid = {7B3AB714-8413-4550-AB31-C1837816AC78}
	EndGlobalSection
EndGlobal
